// !$*UTF8*$!
{
	archiveVersion = 1;
	classes = {
	};
	objectVersion = 56;
	objects = {

/* Begin PBXBuildFile section */
		5AA3B8BF29D5E19F000C8DFB /* ProjectorAutomationApp.swift in Sources */ = {isa = PBXBuildFile; fileRef = 5AA3B8BE29D5E19F000C8DFB /* ProjectorAutomationApp.swift */; };
		5AA3B8C129D5E19F000C8DFB /* ContentView.swift in Sources */ = {isa = PBXBuildFile; fileRef = 5AA3B8C029D5E19F000C8DFB /* ContentView.swift */; };
		5AA3B8C329D5E1A1000C8DFB /* Assets.xcassets in Resources */ = {isa = PBXBuildFile; fileRef = 5AA3B8C229D5E1A1000C8DFB /* Assets.xcassets */; };
		5AA3B8C729D5E1A1000C8DFB /* Preview Assets.xcassets in Resources */ = {isa = PBXBuildFile; fileRef = 5AA3B8C629D5E1A1000C8DFB /* Preview Assets.xcassets */; };
		5AA3B8D129D5E1A1000C8DFB /* ProjectorAutomationTests.swift in Sources */ = {isa = PBXBuildFile; fileRef = 5AA3B8D029D5E1A1000C8DFB /* ProjectorAutomationTests.swift */; };
		5AA3B8DB29D5E1A1000C8DFB /* ProjectorAutomationUITests.swift in Sources */ = {isa = PBXBuildFile; fileRef = 5AA3B8DA29D5E1A1000C8DFB /* ProjectorAutomationUITests.swift */; };
		5AA3B8DD29D5E1A1000C8DFB /* ProjectorAutomationUITestsLaunchTests.swift in Sources */ = {isa = PBXBuildFile; fileRef = 5AA3B8DC29D5E1A1000C8DFB /* ProjectorAutomationUITestsLaunchTests.swift */; };
/* End PBXBuildFile section */

/* Begin PBXContainerItemProxy section */
		5AA3B8CD29D5E1A1000C8DFB /* PBXContainerItemProxy */ = {
			isa = PBXContainerItemProxy;
			containerPortal = 5AA3B8B329D5E19F000C8DFB /* Project object */;
			proxyType = 1;
			remoteGlobalIDString = 5AA3B8BA29D5E19F000C8DFB;
			remoteInfo = ProjectorAutomation;
		};
		5AA3B8D729D5E1A1000C8DFB /* PBXContainerItemProxy */ = {
			isa = PBXContainerItemProxy;
			containerPortal = 5AA3B8B329D5E19F000C8DFB /* Project object */;
			proxyType = 1;
			remoteGlobalIDString = 5AA3B8BA29D5E19F000C8DFB;
			remoteInfo = ProjectorAutomation;
		};
/* End PBXContainerItemProxy section */

/* Begin PBXFileReference section */
		5AA3B8BB29D5E19F000C8DFB /* ProjectorAutomation.app */ = {isa = PBXFileReference; explicitFileType = wrapper.application; includeInIndex = 0; path = ProjectorAutomation.app; sourceTree = BUILT_PRODUCTS_DIR; };
		5AA3B8BE29D5E19F000C8DFB /* ProjectorAutomationApp.swift */ = {isa = PBXFileReference; lastKnownFileType = sourcecode.swift; path = ProjectorAutomationApp.swift; sourceTree = "<group>"; };
		5AA3B8C029D5E19F000C8DFB /* ContentView.swift */ = {isa = PBXFileReference; lastKnownFileType = sourcecode.swift; path = ContentView.swift; sourceTree = "<group>"; };
		5AA3B8C229D5E1A1000C8DFB /* Assets.xcassets */ = {isa = PBXFileReference; lastKnownFileType = folder.assetcatalog; path = Assets.xcassets; sourceTree = "<group>"; };
		5AA3B8C429D5E1A1000C8DFB /* ProjectorAutomation.entitlements */ = {isa = PBXFileReference; lastKnownFileType = text.plist.entitlements; path = ProjectorAutomation.entitlements; sourceTree = "<group>"; };
		5AA3B8C629D5E1A1000C8DFB /* Preview Assets.xcassets */ = {isa = PBXFileReference; lastKnownFileType = folder.assetcatalog; path = "Preview Assets.xcassets"; sourceTree = "<group>"; };
		5AA3B8CC29D5E1A1000C8DFB /* ProjectorAutomationTests.xctest */ = {isa = PBXFileReference; explicitFileType = wrapper.cfbundle; includeInIndex = 0; path = ProjectorAutomationTests.xctest; sourceTree = BUILT_PRODUCTS_DIR; };
		5AA3B8D029D5E1A1000C8DFB /* ProjectorAutomationTests.swift */ = {isa = PBXFileReference; lastKnownFileType = sourcecode.swift; path = ProjectorAutomationTests.swift; sourceTree = "<group>"; };
		5AA3B8D629D5E1A1000C8DFB /* ProjectorAutomationUITests.xctest */ = {isa = PBXFileReference; explicitFileType = wrapper.cfbundle; includeInIndex = 0; path = ProjectorAutomationUITests.xctest; sourceTree = BUILT_PRODUCTS_DIR; };
		5AA3B8DA29D5E1A1000C8DFB /* ProjectorAutomationUITests.swift */ = {isa = PBXFileReference; lastKnownFileType = sourcecode.swift; path = ProjectorAutomationUITests.swift; sourceTree = "<group>"; };
		5AA3B8DC29D5E1A1000C8DFB /* ProjectorAutomationUITestsLaunchTests.swift */ = {isa = PBXFileReference; lastKnownFileType = sourcecode.swift; path = ProjectorAutomationUITestsLaunchTests.swift; sourceTree = "<group>"; };
		5AA3B8EA29D746F8000C8DFB /* Info.plist */ = {isa = PBXFileReference; lastKnownFileType = text.plist; path = Info.plist; sourceTree = "<group>"; };
/* End PBXFileReference section */

/* Begin PBXFrameworksBuildPhase section */
		5AA3B8B829D5E19F000C8DFB /* Frameworks */ = {
			isa = PBXFrameworksBuildPhase;
			buildActionMask = 2147483647;
			files = (
			);
			runOnlyForDeploymentPostprocessing = 0;
		};
		5AA3B8C929D5E1A1000C8DFB /* Frameworks */ = {
			isa = PBXFrameworksBuildPhase;
			buildActionMask = 2147483647;
			files = (
			);
			runOnlyForDeploymentPostprocessing = 0;
		};
		5AA3B8D329D5E1A1000C8DFB /* Frameworks */ = {
			isa = PBXFrameworksBuildPhase;
			buildActionMask = 2147483647;
			files = (
			);
			runOnlyForDeploymentPostprocessing = 0;
		};
/* End PBXFrameworksBuildPhase section */

/* Begin PBXGroup section */
		5AA3B8B229D5E19F000C8DFB = {
			isa = PBXGroup;
			children = (
				5AA3B8BD29D5E19F000C8DFB /* ProjectorAutomation */,
				5AA3B8CF29D5E1A1000C8DFB /* ProjectorAutomationTests */,
				5AA3B8D929D5E1A1000C8DFB /* ProjectorAutomationUITests */,
				5AA3B8BC29D5E19F000C8DFB /* Products */,
			);
			sourceTree = "<group>";
		};
		5AA3B8BC29D5E19F000C8DFB /* Products */ = {
			isa = PBXGroup;
			children = (
				5AA3B8BB29D5E19F000C8DFB /* ProjectorAutomation.app */,
				5AA3B8CC29D5E1A1000C8DFB /* ProjectorAutomationTests.xctest */,
				5AA3B8D629D5E1A1000C8DFB /* ProjectorAutomationUITests.xctest */,
			);
			name = Products;
			sourceTree = "<group>";
		};
		5AA3B8BD29D5E19F000C8DFB /* ProjectorAutomation */ = {
			isa = PBXGroup;
			children = (
				5AA3B8EA29D746F8000C8DFB /* Info.plist */,
				5AA3B8BE29D5E19F000C8DFB /* ProjectorAutomationApp.swift */,
				5AA3B8C029D5E19F000C8DFB /* ContentView.swift */,
				5AA3B8C229D5E1A1000C8DFB /* Assets.xcassets */,
				5AA3B8C429D5E1A1000C8DFB /* ProjectorAutomation.entitlements */,
				5AA3B8C529D5E1A1000C8DFB /* Preview Content */,
			);
			path = ProjectorAutomation;
			sourceTree = "<group>";
		};
		5AA3B8C529D5E1A1000C8DFB /* Preview Content */ = {
			isa = PBXGroup;
			children = (
				5AA3B8C629D5E1A1000C8DFB /* Preview Assets.xcassets */,
			);
			path = "Preview Content";
			sourceTree = "<group>";
		};
		5AA3B8CF29D5E1A1000C8DFB /* ProjectorAutomationTests */ = {
			isa = PBXGroup;
			children = (
				5AA3B8D029D5E1A1000C8DFB /* ProjectorAutomationTests.swift */,
			);
			path = ProjectorAutomationTests;
			sourceTree = "<group>";
		};
		5AA3B8D929D5E1A1000C8DFB /* ProjectorAutomationUITests */ = {
			isa = PBXGroup;
			children = (
				5AA3B8DA29D5E1A1000C8DFB /* ProjectorAutomationUITests.swift */,
				5AA3B8DC29D5E1A1000C8DFB /* ProjectorAutomationUITestsLaunchTests.swift */,
			);
			path = ProjectorAutomationUITests;
			sourceTree = "<group>";
		};
/* End PBXGroup section */

/* Begin PBXNativeTarget section */
		5AA3B8BA29D5E19F000C8DFB /* ProjectorAutomation */ = {
			isa = PBXNativeTarget;
			buildConfigurationList = 5AA3B8E029D5E1A1000C8DFB /* Build configuration list for PBXNativeTarget "ProjectorAutomation" */;
			buildPhases = (
				5AA3B8B729D5E19F000C8DFB /* Sources */,
				5AA3B8B829D5E19F000C8DFB /* Frameworks */,
				5AA3B8B929D5E19F000C8DFB /* Resources */,
			);
			buildRules = (
			);
			dependencies = (
			);
			name = ProjectorAutomation;
			productName = ProjectorAutomation;
			productReference = 5AA3B8BB29D5E19F000C8DFB /* ProjectorAutomation.app */;
			productType = "com.apple.product-type.application";
		};
		5AA3B8CB29D5E1A1000C8DFB /* ProjectorAutomationTests */ = {
			isa = PBXNativeTarget;
			buildConfigurationList = 5AA3B8E329D5E1A1000C8DFB /* Build configuration list for PBXNativeTarget "ProjectorAutomationTests" */;
			buildPhases = (
				5AA3B8C829D5E1A1000C8DFB /* Sources */,
				5AA3B8C929D5E1A1000C8DFB /* Frameworks */,
				5AA3B8CA29D5E1A1000C8DFB /* Resources */,
			);
			buildRules = (
			);
			dependencies = (
				5AA3B8CE29D5E1A1000C8DFB /* PBXTargetDependency */,
			);
			name = ProjectorAutomationTests;
			productName = ProjectorAutomationTests;
			productReference = 5AA3B8CC29D5E1A1000C8DFB /* ProjectorAutomationTests.xctest */;
			productType = "com.apple.product-type.bundle.unit-test";
		};
		5AA3B8D529D5E1A1000C8DFB /* ProjectorAutomationUITests */ = {
			isa = PBXNativeTarget;
			buildConfigurationList = 5AA3B8E629D5E1A1000C8DFB /* Build configuration list for PBXNativeTarget "ProjectorAutomationUITests" */;
			buildPhases = (
				5AA3B8D229D5E1A1000C8DFB /* Sources */,
				5AA3B8D329D5E1A1000C8DFB /* Frameworks */,
				5AA3B8D429D5E1A1000C8DFB /* Resources */,
			);
			buildRules = (
			);
			dependencies = (
				5AA3B8D829D5E1A1000C8DFB /* PBXTargetDependency */,
			);
			name = ProjectorAutomationUITests;
			productName = ProjectorAutomationUITests;
			productReference = 5AA3B8D629D5E1A1000C8DFB /* ProjectorAutomationUITests.xctest */;
			productType = "com.apple.product-type.bundle.ui-testing";
		};
/* End PBXNativeTarget section */

/* Begin PBXProject section */
		5AA3B8B329D5E19F000C8DFB /* Project object */ = {
			isa = PBXProject;
			attributes = {
				BuildIndependentTargetsInParallel = 1;
				LastSwiftUpdateCheck = 1420;
				LastUpgradeCheck = 1420;
				TargetAttributes = {
					5AA3B8BA29D5E19F000C8DFB = {
						CreatedOnToolsVersion = 14.2;
					};
					5AA3B8CB29D5E1A1000C8DFB = {
						CreatedOnToolsVersion = 14.2;
						TestTargetID = 5AA3B8BA29D5E19F000C8DFB;
					};
					5AA3B8D529D5E1A1000C8DFB = {
						CreatedOnToolsVersion = 14.2;
						TestTargetID = 5AA3B8BA29D5E19F000C8DFB;
					};
				};
			};
			buildConfigurationList = 5AA3B8B629D5E19F000C8DFB /* Build configuration list for PBXProject "ProjectorAutomation" */;
			compatibilityVersion = "Xcode 14.0";
			developmentRegion = en;
			hasScannedForEncodings = 0;
			knownRegions = (
				en,
				Base,
			);
			mainGroup = 5AA3B8B229D5E19F000C8DFB;
			productRefGroup = 5AA3B8BC29D5E19F000C8DFB /* Products */;
			projectDirPath = "";
			projectRoot = "";
			targets = (
				5AA3B8BA29D5E19F000C8DFB /* ProjectorAutomation */,
				5AA3B8CB29D5E1A1000C8DFB /* ProjectorAutomationTests */,
				5AA3B8D529D5E1A1000C8DFB /* ProjectorAutomationUITests */,
			);
		};
/* End PBXProject section */

/* Begin PBXResourcesBuildPhase section */
		5AA3B8B929D5E19F000C8DFB /* Resources */ = {
			isa = PBXResourcesBuildPhase;
			buildActionMask = 2147483647;
			files = (
				5AA3B8C729D5E1A1000C8DFB /* Preview Assets.xcassets in Resources */,
				5AA3B8C329D5E1A1000C8DFB /* Assets.xcassets in Resources */,
			);
			runOnlyForDeploymentPostprocessing = 0;
		};
		5AA3B8CA29D5E1A1000C8DFB /* Resources */ = {
			isa = PBXResourcesBuildPhase;
			buildActionMask = 2147483647;
			files = (
			);
			runOnlyForDeploymentPostprocessing = 0;
		};
		5AA3B8D429D5E1A1000C8DFB /* Resources */ = {
			isa = PBXResourcesBuildPhase;
			buildActionMask = 2147483647;
			files = (
			);
			runOnlyForDeploymentPostprocessing = 0;
		};
/* End PBXResourcesBuildPhase section */

/* Begin PBXSourcesBuildPhase section */
		5AA3B8B729D5E19F000C8DFB /* Sources */ = {
			isa = PBXSourcesBuildPhase;
			buildActionMask = 2147483647;
			files = (
				5AA3B8C129D5E19F000C8DFB /* ContentView.swift in Sources */,
				5AA3B8BF29D5E19F000C8DFB /* ProjectorAutomationApp.swift in Sources */,
			);
			runOnlyForDeploymentPostprocessing = 0;
		};
		5AA3B8C829D5E1A1000C8DFB /* Sources */ = {
			isa = PBXSourcesBuildPhase;
			buildActionMask = 2147483647;
			files = (
				5AA3B8D129D5E1A1000C8DFB /* ProjectorAutomationTests.swift in Sources */,
			);
			runOnlyForDeploymentPostprocessing = 0;
		};
		5AA3B8D229D5E1A1000C8DFB /* Sources */ = {
			isa = PBXSourcesBuildPhase;
			buildActionMask = 2147483647;
			files = (
				5AA3B8DD29D5E1A1000C8DFB /* ProjectorAutomationUITestsLaunchTests.swift in Sources */,
				5AA3B8DB29D5E1A1000C8DFB /* ProjectorAutomationUITests.swift in Sources */,
			);
			runOnlyForDeploymentPostprocessing = 0;
		};
/* End PBXSourcesBuildPhase section */

/* Begin PBXTargetDependency section */
		5AA3B8CE29D5E1A1000C8DFB /* PBXTargetDependency */ = {
			isa = PBXTargetDependency;
			target = 5AA3B8BA29D5E19F000C8DFB /* ProjectorAutomation */;
			targetProxy = 5AA3B8CD29D5E1A1000C8DFB /* PBXContainerItemProxy */;
		};
		5AA3B8D829D5E1A1000C8DFB /* PBXTargetDependency */ = {
			isa = PBXTargetDependency;
			target = 5AA3B8BA29D5E19F000C8DFB /* ProjectorAutomation */;
			targetProxy = 5AA3B8D729D5E1A1000C8DFB /* PBXContainerItemProxy */;
		};
/* End PBXTargetDependency section */

/* Begin XCBuildConfiguration section */
		5AA3B8DE29D5E1A1000C8DFB /* Debug */ = {
			isa = XCBuildConfiguration;
			buildSettings = {
				ALWAYS_SEARCH_USER_PATHS = NO;
				CLANG_ANALYZER_NONNULL = YES;
				CLANG_ANALYZER_NUMBER_OBJECT_CONVERSION = YES_AGGRESSIVE;
				CLANG_CXX_LANGUAGE_STANDARD = "gnu++20";
				CLANG_ENABLE_MODULES = YES;
				CLANG_ENABLE_OBJC_ARC = YES;
				CLANG_ENABLE_OBJC_WEAK = YES;
				CLANG_WARN_BLOCK_CAPTURE_AUTORELEASING = YES;
				CLANG_WARN_BOOL_CONVERSION = YES;
				CLANG_WARN_COMMA = YES;
				CLANG_WARN_CONSTANT_CONVERSION = YES;
				CLANG_WARN_DEPRECATED_OBJC_IMPLEMENTATIONS = YES;
				CLANG_WARN_DIRECT_OBJC_ISA_USAGE = YES_ERROR;
				CLANG_WARN_DOCUMENTATION_COMMENTS = YES;
				CLANG_WARN_EMPTY_BODY = YES;
				CLANG_WARN_ENUM_CONVERSION = YES;
				CLANG_WARN_INFINITE_RECURSION = YES;
				CLANG_WARN_INT_CONVERSION = YES;
				CLANG_WARN_NON_LITERAL_NULL_CONVERSION = YES;
				CLANG_WARN_OBJC_IMPLICIT_RETAIN_SELF = YES;
				CLANG_WARN_OBJC_LITERAL_CONVERSION = YES;
				CLANG_WARN_OBJC_ROOT_CLASS = YES_ERROR;
				CLANG_WARN_QUOTED_INCLUDE_IN_FRAMEWORK_HEADER = YES;
				CLANG_WARN_RANGE_LOOP_ANALYSIS = YES;
				CLANG_WARN_STRICT_PROTOTYPES = YES;
				CLANG_WARN_SUSPICIOUS_MOVE = YES;
				CLANG_WARN_UNGUARDED_AVAILABILITY = YES_AGGRESSIVE;
				CLANG_WARN_UNREACHABLE_CODE = YES;
				CLANG_WARN__DUPLICATE_METHOD_MATCH = YES;
				COPY_PHASE_STRIP = NO;
				DEBUG_INFORMATION_FORMAT = dwarf;
				ENABLE_STRICT_OBJC_MSGSEND = YES;
				ENABLE_TESTABILITY = YES;
				GCC_C_LANGUAGE_STANDARD = gnu11;
				GCC_DYNAMIC_NO_PIC = NO;
				GCC_NO_COMMON_BLOCKS = YES;
				GCC_OPTIMIZATION_LEVEL = 0;
				GCC_PREPROCESSOR_DEFINITIONS = (
					"DEBUG=1",
					"$(inherited)",
				);
				GCC_WARN_64_TO_32_BIT_CONVERSION = YES;
				GCC_WARN_ABOUT_RETURN_TYPE = YES_ERROR;
				GCC_WARN_UNDECLARED_SELECTOR = YES;
				GCC_WARN_UNINITIALIZED_AUTOS = YES_AGGRESSIVE;
				GCC_WARN_UNUSED_FUNCTION = YES;
				GCC_WARN_UNUSED_VARIABLE = YES;
				MTL_ENABLE_DEBUG_INFO = INCLUDE_SOURCE;
				MTL_FAST_MATH = YES;
				ONLY_ACTIVE_ARCH = YES;
				SWIFT_ACTIVE_COMPILATION_CONDITIONS = DEBUG;
				SWIFT_OPTIMIZATION_LEVEL = "-Onone";
			};
			name = Debug;
		};
		5AA3B8DF29D5E1A1000C8DFB /* Release */ = {
			isa = XCBuildConfiguration;
			buildSettings = {
				ALWAYS_SEARCH_USER_PATHS = NO;
				CLANG_ANALYZER_NONNULL = YES;
				CLANG_ANALYZER_NUMBER_OBJECT_CONVERSION = YES_AGGRESSIVE;
				CLANG_CXX_LANGUAGE_STANDARD = "gnu++20";
				CLANG_ENABLE_MODULES = YES;
				CLANG_ENABLE_OBJC_ARC = YES;
				CLANG_ENABLE_OBJC_WEAK = YES;
				CLANG_WARN_BLOCK_CAPTURE_AUTORELEASING = YES;
				CLANG_WARN_BOOL_CONVERSION = YES;
				CLANG_WARN_COMMA = YES;
				CLANG_WARN_CONSTANT_CONVERSION = YES;
				CLANG_WARN_DEPRECATED_OBJC_IMPLEMENTATIONS = YES;
				CLANG_WARN_DIRECT_OBJC_ISA_USAGE = YES_ERROR;
				CLANG_WARN_DOCUMENTATION_COMMENTS = YES;
				CLANG_WARN_EMPTY_BODY = YES;
				CLANG_WARN_ENUM_CONVERSION = YES;
				CLANG_WARN_INFINITE_RECURSION = YES;
				CLANG_WARN_INT_CONVERSION = YES;
				CLANG_WARN_NON_LITERAL_NULL_CONVERSION = YES;
				CLANG_WARN_OBJC_IMPLICIT_RETAIN_SELF = YES;
				CLANG_WARN_OBJC_LITERAL_CONVERSION = YES;
				CLANG_WARN_OBJC_ROOT_CLASS = YES_ERROR;
				CLANG_WARN_QUOTED_INCLUDE_IN_FRAMEWORK_HEADER = YES;
				CLANG_WARN_RANGE_LOOP_ANALYSIS = YES;
				CLANG_WARN_STRICT_PROTOTYPES = YES;
				CLANG_WARN_SUSPICIOUS_MOVE = YES;
				CLANG_WARN_UNGUARDED_AVAILABILITY = YES_AGGRESSIVE;
				CLANG_WARN_UNREACHABLE_CODE = YES;
				CLANG_WARN__DUPLICATE_METHOD_MATCH = YES;
				COPY_PHASE_STRIP = NO;
				DEBUG_INFORMATION_FORMAT = "dwarf-with-dsym";
				ENABLE_NS_ASSERTIONS = NO;
				ENABLE_STRICT_OBJC_MSGSEND = YES;
				GCC_C_LANGUAGE_STANDARD = gnu11;
				GCC_NO_COMMON_BLOCKS = YES;
				GCC_WARN_64_TO_32_BIT_CONVERSION = YES;
				GCC_WARN_ABOUT_RETURN_TYPE = YES_ERROR;
				GCC_WARN_UNDECLARED_SELECTOR = YES;
				GCC_WARN_UNINITIALIZED_AUTOS = YES_AGGRESSIVE;
				GCC_WARN_UNUSED_FUNCTION = YES;
				GCC_WARN_UNUSED_VARIABLE = YES;
				MTL_ENABLE_DEBUG_INFO = NO;
				MTL_FAST_MATH = YES;
				SWIFT_COMPILATION_MODE = wholemodule;
				SWIFT_OPTIMIZATION_LEVEL = "-O";
			};
			name = Release;
		};
		5AA3B8E129D5E1A1000C8DFB /* Debug */ = {
			isa = XCBuildConfiguration;
			buildSettings = {
				ASSETCATALOG_COMPILER_APPICON_NAME = AppIcon;
				ASSETCATALOG_COMPILER_GLOBAL_ACCENT_COLOR_NAME = AccentColor;
				CODE_SIGN_ENTITLEMENTS = ProjectorAutomation/ProjectorAutomation.entitlements;
				CODE_SIGN_STYLE = Automatic;
				CURRENT_PROJECT_VERSION = 2;
				DEVELOPMENT_ASSET_PATHS = "\"ProjectorAutomation/Preview Content\"";
				DEVELOPMENT_TEAM = A98J2G67S6;
				ENABLE_HARDENED_RUNTIME = YES;
				ENABLE_PREVIEWS = YES;
				GENERATE_INFOPLIST_FILE = YES;
				INFOPLIST_FILE = ProjectorAutomation/Info.plist;
				"INFOPLIST_KEY_UIApplicationSceneManifest_Generation[sdk=iphoneos*]" = YES;
				"INFOPLIST_KEY_UIApplicationSceneManifest_Generation[sdk=iphonesimulator*]" = YES;
				"INFOPLIST_KEY_UIApplicationSupportsIndirectInputEvents[sdk=iphoneos*]" = YES;
				"INFOPLIST_KEY_UIApplicationSupportsIndirectInputEvents[sdk=iphonesimulator*]" = YES;
				"INFOPLIST_KEY_UILaunchScreen_Generation[sdk=iphoneos*]" = YES;
				"INFOPLIST_KEY_UILaunchScreen_Generation[sdk=iphonesimulator*]" = YES;
				"INFOPLIST_KEY_UIStatusBarStyle[sdk=iphoneos*]" = UIStatusBarStyleDefault;
				"INFOPLIST_KEY_UIStatusBarStyle[sdk=iphonesimulator*]" = UIStatusBarStyleDefault;
				INFOPLIST_KEY_UISupportedInterfaceOrientations_iPad = "UIInterfaceOrientationPortrait UIInterfaceOrientationPortraitUpsideDown UIInterfaceOrientationLandscapeLeft UIInterfaceOrientationLandscapeRight";
				INFOPLIST_KEY_UISupportedInterfaceOrientations_iPhone = "UIInterfaceOrientationPortrait UIInterfaceOrientationLandscapeLeft UIInterfaceOrientationLandscapeRight";
				IPHONEOS_DEPLOYMENT_TARGET = 14.0;
				LD_RUNPATH_SEARCH_PATHS = "@executable_path/Frameworks";
				"LD_RUNPATH_SEARCH_PATHS[sdk=macosx*]" = "@executable_path/../Frameworks";
				MACOSX_DEPLOYMENT_TARGET = 11.0;
				MARKETING_VERSION = 2023.0.0;
				PRODUCT_BUNDLE_IDENTIFIER = com.kadosh3.ProjectorAutomation;
				PRODUCT_NAME = "$(TARGET_NAME)";
				SDKROOT = auto;
				SUPPORTED_PLATFORMS = "iphoneos iphonesimulator";
				SUPPORTS_MACCATALYST = YES;
				SUPPORTS_MAC_DESIGNED_FOR_IPHONE_IPAD = NO;
				SWIFT_EMIT_LOC_STRINGS = YES;
				SWIFT_VERSION = 5.0;
				TARGETED_DEVICE_FAMILY = "1,2";
			};
			name = Debug;
		};
		5AA3B8E229D5E1A1000C8DFB /* Release */ = {
			isa = XCBuildConfiguration;
			buildSettings = {
				ASSETCATALOG_COMPILER_APPICON_NAME = AppIcon;
				ASSETCATALOG_COMPILER_GLOBAL_ACCENT_COLOR_NAME = AccentColor;
				CODE_SIGN_ENTITLEMENTS = ProjectorAutomation/ProjectorAutomation.entitlements;
				CODE_SIGN_STYLE = Automatic;
				CURRENT_PROJECT_VERSION = 2;
				DEVELOPMENT_ASSET_PATHS = "\"ProjectorAutomation/Preview Content\"";
				DEVELOPMENT_TEAM = A98J2G67S6;
				ENABLE_HARDENED_RUNTIME = YES;
				ENABLE_PREVIEWS = YES;
				GENERATE_INFOPLIST_FILE = YES;
				INFOPLIST_FILE = ProjectorAutomation/Info.plist;
				"INFOPLIST_KEY_UIApplicationSceneManifest_Generation[sdk=iphoneos*]" = YES;
				"INFOPLIST_KEY_UIApplicationSceneManifest_Generation[sdk=iphonesimulator*]" = YES;
				"INFOPLIST_KEY_UIApplicationSupportsIndirectInputEvents[sdk=iphoneos*]" = YES;
				"INFOPLIST_KEY_UIApplicationSupportsIndirectInputEvents[sdk=iphonesimulator*]" = YES;
				"INFOPLIST_KEY_UILaunchScreen_Generation[sdk=iphoneos*]" = YES;
				"INFOPLIST_KEY_UILaunchScreen_Generation[sdk=iphonesimulator*]" = YES;
				"INFOPLIST_KEY_UIStatusBarStyle[sdk=iphoneos*]" = UIStatusBarStyleDefault;
				"INFOPLIST_KEY_UIStatusBarStyle[sdk=iphonesimulator*]" = UIStatusBarStyleDefault;
				INFOPLIST_KEY_UISupportedInterfaceOrientations_iPad = "UIInterfaceOrientationPortrait UIInterfaceOrientationPortraitUpsideDown UIInterfaceOrientationLandscapeLeft UIInterfaceOrientationLandscapeRight";
				INFOPLIST_KEY_UISupportedInterfaceOrientations_iPhone = "UIInterfaceOrientationPortrait UIInterfaceOrientationLandscapeLeft UIInterfaceOrientationLandscapeRight";
				IPHONEOS_DEPLOYMENT_TARGET = 14.0;
				LD_RUNPATH_SEARCH_PATHS = "@executable_path/Frameworks";
				"LD_RUNPATH_SEARCH_PATHS[sdk=macosx*]" = "@executable_path/../Frameworks";
				MACOSX_DEPLOYMENT_TARGET = 11.0;
				MARKETING_VERSION = 2023.0.0;
				PRODUCT_BUNDLE_IDENTIFIER = com.kadosh3.ProjectorAutomation;
				PRODUCT_NAME = "$(TARGET_NAME)";
				SDKROOT = auto;
				SUPPORTED_PLATFORMS = "iphoneos iphonesimulator";
				SUPPORTS_MACCATALYST = YES;
				SUPPORTS_MAC_DESIGNED_FOR_IPHONE_IPAD = NO;
				SWIFT_EMIT_LOC_STRINGS = YES;
				SWIFT_VERSION = 5.0;
				TARGETED_DEVICE_FAMILY = "1,2";
			};
			name = Release;
		};
		5AA3B8E429D5E1A1000C8DFB /* Debug */ = {
			isa = XCBuildConfiguration;
			buildSettings = {
				ALWAYS_EMBED_SWIFT_STANDARD_LIBRARIES = YES;
				BUNDLE_LOADER = "$(TEST_HOST)";
				CODE_SIGN_STYLE = Automatic;
				CURRENT_PROJECT_VERSION = 1;
				DEVELOPMENT_TEAM = A98J2G67S6;
				GENERATE_INFOPLIST_FILE = YES;
				IPHONEOS_DEPLOYMENT_TARGET = 16.2;
				MACOSX_DEPLOYMENT_TARGET = 13.1;
				MARKETING_VERSION = 1.0;
				PRODUCT_BUNDLE_IDENTIFIER = com.kadosh3.ProjectorAutomationTests;
				PRODUCT_NAME = "$(TARGET_NAME)";
				SDKROOT = auto;
				SUPPORTED_PLATFORMS = "iphoneos iphonesimulator macosx";
				SWIFT_EMIT_LOC_STRINGS = NO;
				SWIFT_VERSION = 5.0;
				TARGETED_DEVICE_FAMILY = "1,2";
				TEST_HOST = "$(BUILT_PRODUCTS_DIR)/ProjectorAutomation.app/$(BUNDLE_EXECUTABLE_FOLDER_PATH)/ProjectorAutomation";
			};
			name = Debug;
		};
		5AA3B8E529D5E1A1000C8DFB /* Release */ = {
			isa = XCBuildConfiguration;
			buildSettings = {
				ALWAYS_EMBED_SWIFT_STANDARD_LIBRARIES = YES;
				BUNDLE_LOADER = "$(TEST_HOST)";
				CODE_SIGN_STYLE = Automatic;
				CURRENT_PROJECT_VERSION = 1;
				DEVELOPMENT_TEAM = A98J2G67S6;
				GENERATE_INFOPLIST_FILE = YES;
				IPHONEOS_DEPLOYMENT_TARGET = 16.2;
				MACOSX_DEPLOYMENT_TARGET = 13.1;
				MARKETING_VERSION = 1.0;
				PRODUCT_BUNDLE_IDENTIFIER = com.kadosh3.ProjectorAutomationTests;
				PRODUCT_NAME = "$(TARGET_NAME)";
				SDKROOT = auto;
				SUPPORTED_PLATFORMS = "iphoneos iphonesimulator macosx";
				SWIFT_EMIT_LOC_STRINGS = NO;
				SWIFT_VERSION = 5.0;
				TARGETED_DEVICE_FAMILY = "1,2";
				TEST_HOST = "$(BUILT_PRODUCTS_DIR)/ProjectorAutomation.app/$(BUNDLE_EXECUTABLE_FOLDER_PATH)/ProjectorAutomation";
			};
			name = Release;
		};
		5AA3B8E729D5E1A1000C8DFB /* Debug */ = {
			isa = XCBuildConfiguration;
			buildSettings = {
				ALWAYS_EMBED_SWIFT_STANDARD_LIBRARIES = YES;
				CODE_SIGN_STYLE = Automatic;
				CURRENT_PROJECT_VERSION = 1;
				DEVELOPMENT_TEAM = A98J2G67S6;
				GENERATE_INFOPLIST_FILE = YES;
				IPHONEOS_DEPLOYMENT_TARGET = 16.2;
				MACOSX_DEPLOYMENT_TARGET = 13.1;
				MARKETING_VERSION = 1.0;
				PRODUCT_BUNDLE_IDENTIFIER = com.kadosh3.ProjectorAutomationUITests;
				PRODUCT_NAME = "$(TARGET_NAME)";
				SDKROOT = auto;
				SUPPORTED_PLATFORMS = "iphoneos iphonesimulator macosx";
				SWIFT_EMIT_LOC_STRINGS = NO;
				SWIFT_VERSION = 5.0;
				TARGETED_DEVICE_FAMILY = "1,2";
				TEST_TARGET_NAME = ProjectorAutomation;
			};
			name = Debug;
		};
		5AA3B8E829D5E1A1000C8DFB /* Release */ = {
			isa = XCBuildConfiguration;
			buildSettings = {
				ALWAYS_EMBED_SWIFT_STANDARD_LIBRARIES = YES;
				CODE_SIGN_STYLE = Automatic;
				CURRENT_PROJECT_VERSION = 1;
				DEVELOPMENT_TEAM = A98J2G67S6;
				GENERATE_INFOPLIST_FILE = YES;
				IPHONEOS_DEPLOYMENT_TARGET = 16.2;
				MACOSX_DEPLOYMENT_TARGET = 13.1;
				MARKETING_VERSION = 1.0;
				PRODUCT_BUNDLE_IDENTIFIER = com.kadosh3.ProjectorAutomationUITests;
				PRODUCT_NAME = "$(TARGET_NAME)";
				SDKROOT = auto;
				SUPPORTED_PLATFORMS = "iphoneos iphonesimulator macosx";
				SWIFT_EMIT_LOC_STRINGS = NO;
				SWIFT_VERSION = 5.0;
				TARGETED_DEVICE_FAMILY = "1,2";
				TEST_TARGET_NAME = ProjectorAutomation;
			};
			name = Release;
		};
/* End XCBuildConfiguration section */

/* Begin XCConfigurationList section */
		5AA3B8B629D5E19F000C8DFB /* Build configuration list for PBXProject "ProjectorAutomation" */ = {
			isa = XCConfigurationList;
			buildConfigurations = (
				5AA3B8DE29D5E1A1000C8DFB /* Debug */,
				5AA3B8DF29D5E1A1000C8DFB /* Release */,
			);
			defaultConfigurationIsVisible = 0;
			defaultConfigurationName = Release;
		};
		5AA3B8E029D5E1A1000C8DFB /* Build configuration list for PBXNativeTarget "ProjectorAutomation" */ = {
			isa = XCConfigurationList;
			buildConfigurations = (
				5AA3B8E129D5E1A1000C8DFB /* Debug */,
				5AA3B8E229D5E1A1000C8DFB /* Release */,
			);
			defaultConfigurationIsVisible = 0;
			defaultConfigurationName = Release;
		};
		5AA3B8E329D5E1A1000C8DFB /* Build configuration list for PBXNativeTarget "ProjectorAutomationTests" */ = {
			isa = XCConfigurationList;
			buildConfigurations = (
				5AA3B8E429D5E1A1000C8DFB /* Debug */,
				5AA3B8E529D5E1A1000C8DFB /* Release */,
			);
			defaultConfigurationIsVisible = 0;
			defaultConfigurationName = Release;
		};
		5AA3B8E629D5E1A1000C8DFB /* Build configuration list for PBXNativeTarget "ProjectorAutomationUITests" */ = {
			isa = XCConfigurationList;
			buildConfigurations = (
				5AA3B8E729D5E1A1000C8DFB /* Debug */,
				5AA3B8E829D5E1A1000C8DFB /* Release */,
			);
			defaultConfigurationIsVisible = 0;
			defaultConfigurationName = Release;
		};
/* End XCConfigurationList section */
	};
	rootObject = 5AA3B8B329D5E19F000C8DFB /* Project object */;
}
